
Microsoft Visual Studio Solution File, Format Version 12.00
# Visual Studio 2012
Project("{FAE04EC0-301F-11D3-BF4B-00C04F79EFBC}") = "Triangle_Library", "Triangle_Library\Triangle_Library.csproj", "{DC1E4574-70C5-442D-91BB-D1F7A5002BA0}"
EndProject
Project("{FAE04EC0-301F-11D3-BF4B-00C04F79EFBC}") = "Sample_Triangle", "Sample_Triangle\Sample_Triangle.csproj", "{AA896FBA-D8DA-4536-9130-4E5847699CEF}"
	ProjectSection(ProjectDependencies) = postProject
		{DC1E4574-70C5-442D-91BB-D1F7A5002BA0} = {DC1E4574-70C5-442D-91BB-D1F7A5002BA0}
	EndProjectSection
EndProject
Project("{FAE04EC0-301F-11D3-BF4B-00C04F79EFBC}") = "Triangle_UnitTests", "Triangle_UnitTests\Triangle_UnitTests.csproj", "{C21988D5-F78A-4621-AA21-D773B213D370}"
EndProject
Global
	GlobalSection(SolutionConfigurationPlatforms) = preSolution
		Debug|Any CPU = Debug|Any CPU
		Release|Any CPU = Release|Any CPU
	EndGlobalSection
	GlobalSection(ProjectConfigurationPlatforms) = postSolution
		{DC1E4574-70C5-442D-91BB-D1F7A5002BA0}.Debug|Any CPU.ActiveCfg = Debug|Any CPU
		{DC1E4574-70C5-442D-91BB-D1F7A5002BA0}.Debug|Any CPU.Build.0 = Debug|Any CPU
		{DC1E4574-70C5-442D-91BB-D1F7A5002BA0}.Release|Any CPU.ActiveCfg = Release|Any CPU
		{DC1E4574-70C5-442D-91BB-D1F7A5002BA0}.Release|Any CPU.Build.0 = Release|Any CPU
		{AA896FBA-D8DA-4536-9130-4E5847699CEF}.Debug|Any CPU.ActiveCfg = Debug|Any CPU
		{AA896FBA-D8DA-4536-9130-4E5847699CEF}.Debug|Any CPU.Build.0 = Debug|Any CPU
		{AA896FBA-D8DA-4536-9130-4E5847699CEF}.Release|Any CPU.ActiveCfg = Release|Any CPU
		{AA896FBA-D8DA-4536-9130-4E5847699CEF}.Release|Any CPU.Build.0 = Release|Any CPU
		{C21988D5-F78A-4621-AA21-D773B213D370}.Debug|Any CPU.ActiveCfg = Debug|Any CPU
		{C21988D5-F78A-4621-AA21-D773B213D370}.Debug|Any CPU.Build.0 = Debug|Any CPU
		{C21988D5-F78A-4621-AA21-D773B213D370}.Release|Any CPU.ActiveCfg = Release|Any CPU
		{C21988D5-F78A-4621-AA21-D773B213D370}.Release|Any CPU.Build.0 = Release|Any CPU
	EndGlobalSection
	GlobalSection(SolutionProperties) = preSolution
		HideSolutionNode = FALSE
	EndGlobalSection
EndGlobal
